
Microsoft Visual Studio Solution File, Format Version 12.00
# Visual Studio Version 17
VisualStudioVersion = 17.14.36109.1 d17.14
MinimumVisualStudioVersion = 10.0.40219.1
Project("{FAE04EC0-301F-11D3-BF4B-00C04F79EFBC}") = "r6marketplaceclient", "r6marketplaceclient.csproj", "{A41FD4E1-5E4A-469C-B14D-89DC853AB23B}"
EndProject
Global
	GlobalSection(SolutionConfigurationPlatforms) = preSolution
		Debug|Any CPU = Debug|Any CPU
		Release|Any CPU = Release|Any CPU
	EndGlobalSection
	GlobalSection(ProjectConfigurationPlatforms) = postSolution
		{A41FD4E1-5E4A-469C-B14D-89DC853AB23B}.Debug|Any CPU.ActiveCfg = Debug|Any CPU
		{A41FD4E1-5E4A-469C-B14D-89DC853AB23B}.Debug|Any CPU.Build.0 = Debug|Any CPU
		{A41FD4E1-5E4A-469C-B14D-89DC853AB23B}.Release|Any CPU.ActiveCfg = Release|Any CPU
		{A41FD4E1-5E4A-469C-B14D-89DC853AB23B}.Release|Any CPU.Build.0 = Release|Any CPU
	EndGlobalSection
	GlobalSection(SolutionProperties) = preSolution
		HideSolutionNode = FALSE
	EndGlobalSection
	GlobalSection(ExtensibilityGlobals) = postSolution
		SolutionGuid = {B086E2F7-C405-4A8C-B30A-37D95DC1261E}
	EndGlobalSection
EndGlobal
